<?xml version="1.0" encoding="utf-8"?>
<Project ToolsVersion="4.0" xmlns="http://schemas.microsoft.com/developer/msbuild/2003">
  <ItemGroup>
    <ClCompile Include="App\App.cpp" />
    <ClCompile Include="dx\Graphics.cpp" />
    <ClCompile Include="Keyboard\Keyboard.cpp" />
    <ClCompile Include="main.cpp" />
    <ClCompile Include="Window\Window.cpp" />
  </ItemGroup>
  <ItemGroup>
    <ClInclude Include="App\App.h" />
    <ClInclude Include="dx\Graphics.h" />
    <ClInclude Include="Keyboard\Keyboard.h" />
    <ClInclude Include="platform\WinInstance.h" />
    <ClInclude Include="Window\Window.h" />
  </ItemGroup>
</Project>